<?xml version="1.0" encoding="utf-8"?>
<Project ToolsVersion="4.0" xmlns="http://schemas.microsoft.com/developer/msbuild/2003">
  <ItemGroup>
    <Filter Include="源文件">
      <UniqueIdentifier>{4FC737F1-C7A5-4376-A066-2A32D752A2FF}</UniqueIdentifier>
      <Extensions>cpp;c;cc;cxx;c++;cppm;ixx;def;odl;idl;hpj;bat;asm;asmx</Extensions>
    </Filter>
    <Filter Include="头文件">
      <UniqueIdentifier>{93995380-89BD-4b04-88EB-625FBE52EBFB}</UniqueIdentifier>
      <Extensions>h;hh;hpp;hxx;h++;hm;inl;inc;ipp;xsd</Extensions>
    </Filter>
    <Filter Include="资源文件">
      <UniqueIdentifier>{67DA6AB6-F800-4c08-8B7A-83BB121AAD01}</UniqueIdentifier>
      <Extensions>rc;ico;cur;bmp;dlg;rc2;rct;bin;rgs;gif;jpg;jpeg;jpe;resx;tiff;tif;png;wav;mfcribbon-ms</Extensions>
    </Filter>
  </ItemGroup>
  <ItemGroup>
    <ClInclude Include="src\NNFrame.h">
      <Filter>头文件</Filter>
    </ClInclude>
    <ClInclude Include="src\NNFrame\tensor\tensor.h">
      <Filter>头文件</Filter>
    </ClInclude>
    <ClInclude Include="src\NNFrame\core.h">
      <Filter>头文件</Filter>
    </ClInclude>
    <ClInclude Include="src\NNFrame\log.h">
      <Filter>头文件</Filter>
    </ClInclude>
    <ClInclude Include="src\NNFrame\nn\Linear.h">
      <Filter>头文件</Filter>
    </ClInclude>
    <ClInclude Include="src\NNFrame\nn\Module.h">
      <Filter>头文件</Filter>
    </ClInclude>
    <ClInclude Include="src\NNFrame\nn\activation.h">
      <Filter>头文件</Filter>
    </ClInclude>
    <ClInclude Include="src\NNFrame\optim\optimizer.h">
      <Filter>头文件</Filter>
    </ClInclude>
    <ClInclude Include="src\NNFrame\loss\MSELoss.h">
      <Filter>头文件</Filter>
    </ClInclude>
    <ClInclude Include="src\NNFrame\loss\MAELoss.h">
      <Filter>头文件</Filter>
    </ClInclude>
    <ClInclude Include="src\NNFrame\tensor\computation_graph.h">
      <Filter>头文件</Filter>
    </ClInclude>
    <ClInclude Include="src\NNFrame\tensor\basic_tensor.h">
      <Filter>头文件</Filter>
    </ClInclude>
  </ItemGroup>
  <ItemGroup>
    <ClCompile Include="src\NNFrame\tensor\tensor.cpp">
      <Filter>源文件</Filter>
    </ClCompile>
    <ClCompile Include="src\NNFrame\log.cpp">
      <Filter>源文件</Filter>
    </ClCompile>
    <ClCompile Include="src\NNFrame\nn\Linear.cpp">
      <Filter>源文件</Filter>
    </ClCompile>
    <ClCompile Include="src\NNFrame\optim\optimizer.cpp">
      <Filter>源文件</Filter>
    </ClCompile>
    <ClCompile Include="src\NNFrame\loss\MSELoss.cpp">
      <Filter>源文件</Filter>
    </ClCompile>
    <ClCompile Include="src\NNFrame\loss\MAELoss.cpp">
      <Filter>源文件</Filter>
    </ClCompile>
    <ClCompile Include="src\NNFrame\tensor\computation_graph.cpp">
      <Filter>源文件</Filter>
    </ClCompile>
  </ItemGroup>
</Project>